
Microsoft Visual Studio Solution File, Format Version 12.00
# Visual Studio Version 17
VisualStudioVersion = 17.14.36518.9 d17.14
MinimumVisualStudioVersion = 10.0.40219.1
Project("{FAE04EC0-301F-11D3-BF4B-00C04F79EFBC}") = "CardLand", "CardLand\CardLand.csproj", "{72455151-9957-4E2F-BEFB-987A5F93D366}"
EndProject
Global
	GlobalSection(SolutionConfigurationPlatforms) = preSolution
		Debug|Any CPU = Debug|Any CPU
		Release|Any CPU = Release|Any CPU
	EndGlobalSection
	GlobalSection(ProjectConfigurationPlatforms) = postSolution
		{72455151-9957-4E2F-BEFB-987A5F93D366}.Debug|Any CPU.ActiveCfg = Debug|Any CPU
		{72455151-9957-4E2F-BEFB-987A5F93D366}.Debug|Any CPU.Build.0 = Debug|Any CPU
		{72455151-9957-4E2F-BEFB-987A5F93D366}.Release|Any CPU.ActiveCfg = Release|Any CPU
		{72455151-9957-4E2F-BEFB-987A5F93D366}.Release|Any CPU.Build.0 = Release|Any CPU
	EndGlobalSection
	GlobalSection(SolutionProperties) = preSolution
		HideSolutionNode = FALSE
	EndGlobalSection
	GlobalSection(ExtensibilityGlobals) = postSolution
		SolutionGuid = {8F0244BB-1462-4B65-8F6B-D08312C776CA}
	EndGlobalSection
EndGlobal
